
Microsoft Visual Studio Solution File, Format Version 12.00
# Visual Studio Version 17
VisualStudioVersion = 17.14.36301.6 d17.14
MinimumVisualStudioVersion = 10.0.40219.1
Project("{FAE04EC0-301F-11D3-BF4B-00C04F79EFBC}") = "University.Tuition.Api", "University.Tuition.Api\University.Tuition.Api.csproj", "{75414860-DB07-4A2E-9B5C-7C84FEA3DF2D}"
EndProject
Global
	GlobalSection(SolutionConfigurationPlatforms) = preSolution
		Debug|Any CPU = Debug|Any CPU
		Release|Any CPU = Release|Any CPU
	EndGlobalSection
	GlobalSection(ProjectConfigurationPlatforms) = postSolution
		{75414860-DB07-4A2E-9B5C-7C84FEA3DF2D}.Debug|Any CPU.ActiveCfg = Debug|Any CPU
		{75414860-DB07-4A2E-9B5C-7C84FEA3DF2D}.Debug|Any CPU.Build.0 = Debug|Any CPU
		{75414860-DB07-4A2E-9B5C-7C84FEA3DF2D}.Release|Any CPU.ActiveCfg = Release|Any CPU
		{75414860-DB07-4A2E-9B5C-7C84FEA3DF2D}.Release|Any CPU.Build.0 = Release|Any CPU
	EndGlobalSection
	GlobalSection(SolutionProperties) = preSolution
		HideSolutionNode = FALSE
	EndGlobalSection
	GlobalSection(ExtensibilityGlobals) = postSolution
		SolutionGuid = {BC6E86B8-C8CA-43EE-ADE6-D37B9C674E85}
	EndGlobalSection
EndGlobal
